// !$*UTF8*$!
{
	archiveVersion = 1;
	classes = {
	};
	objectVersion = 42;
	objects = {

/* Begin PBXBuildFile section */
		22100B3F147EB21200319184 /* b2BroadPhase.cpp in Sources */ = {isa = PBXBuildFile; fileRef = 22100A76147EB21200319184 /* b2BroadPhase.cpp */; };
		22100B40147EB21200319184 /* b2CollideCircle.cpp in Sources */ = {isa = PBXBuildFile; fileRef = 22100A78147EB21200319184 /* b2CollideCircle.cpp */; };
		22100B41147EB21200319184 /* b2CollideEdge.cpp in Sources */ = {isa = PBXBuildFile; fileRef = 22100A79147EB21200319184 /* b2CollideEdge.cpp */; };
		22100B42147EB21200319184 /* b2CollidePolygon.cpp in Sources */ = {isa = PBXBuildFile; fileRef = 22100A7A147EB21200319184 /* b2CollidePolygon.cpp */; };
		22100B43147EB21200319184 /* b2Collision.cpp in Sources */ = {isa = PBXBuildFile; fileRef = 22100A7B147EB21200319184 /* b2Collision.cpp */; };
		22100B44147EB21200319184 /* b2Distance.cpp in Sources */ = {isa = PBXBuildFile; fileRef = 22100A7D147EB21200319184 /* b2Distance.cpp */; };
		22100B45147EB21200319184 /* b2DynamicTree.cpp in Sources */ = {isa = PBXBuildFile; fileRef = 22100A7F147EB21200319184 /* b2DynamicTree.cpp */; };
		22100B46147EB21200319184 /* b2TimeOfImpact.cpp in Sources */ = {isa = PBXBuildFile; fileRef = 22100A81147EB21200319184 /* b2TimeOfImpact.cpp */; };
		22100B47147EB21200319184 /* b2ChainShape.cpp in Sources */ = {isa = PBXBuildFile; fileRef = 22100A84147EB21200319184 /* b2ChainShape.cpp */; };
		22100B48147EB21200319184 /* b2CircleShape.cpp in Sources */ = {isa = PBXBuildFile; fileRef = 22100A86147EB21200319184 /* b2CircleShape.cpp */; };
		22100B49147EB21200319184 /* b2EdgeShape.cpp in Sources */ = {isa = PBXBuildFile; fileRef = 22100A88147EB21200319184 /* b2EdgeShape.cpp */; };
		22100B4A147EB21200319184 /* b2PolygonShape.cpp in Sources */ = {isa = PBXBuildFile; fileRef = 22100A8A147EB21200319184 /* b2PolygonShape.cpp */; };
		22100B4B147EB21200319184 /* b2BlockAllocator.cpp in Sources */ = {isa = PBXBuildFile; fileRef = 22100A8E147EB21200319184 /* b2BlockAllocator.cpp */; };
		22100B4C147EB21200319184 /* b2Draw.cpp in Sources */ = {isa = PBXBuildFile; fileRef = 22100A90147EB21200319184 /* b2Draw.cpp */; };
		22100B4D147EB21200319184 /* b2Math.cpp in Sources */ = {isa = PBXBuildFile; fileRef = 22100A93147EB21200319184 /* b2Math.cpp */; };
		22100B4E147EB21200319184 /* b2Settings.cpp in Sources */ = {isa = PBXBuildFile; fileRef = 22100A95147EB21200319184 /* b2Settings.cpp */; };
		22100B4F147EB21200319184 /* b2StackAllocator.cpp in Sources */ = {isa = PBXBuildFile; fileRef = 22100A97147EB21200319184 /* b2StackAllocator.cpp */; };
		22100B50147EB21200319184 /* b2Timer.cpp in Sources */ = {isa = PBXBuildFile; fileRef = 22100A99147EB21200319184 /* b2Timer.cpp */; };
		22100B51147EB21200319184 /* b2Body.cpp in Sources */ = {isa = PBXBuildFile; fileRef = 22100A9C147EB21200319184 /* b2Body.cpp */; };
		22100B52147EB21200319184 /* b2ContactManager.cpp in Sources */ = {isa = PBXBuildFile; fileRef = 22100A9E147EB21200319184 /* b2ContactManager.cpp */; };
		22100B53147EB21200319184 /* b2Fixture.cpp in Sources */ = {isa = PBXBuildFile; fileRef = 22100AA0147EB21200319184 /* b2Fixture.cpp */; };
		22100B54147EB21200319184 /* b2Island.cpp in Sources */ = {isa = PBXBuildFile; fileRef = 22100AA2147EB21200319184 /* b2Island.cpp */; };
		22100B55147EB21200319184 /* b2World.cpp in Sources */ = {isa = PBXBuildFile; fileRef = 22100AA5147EB21200319184 /* b2World.cpp */; };
		22100B56147EB21200319184 /* b2WorldCallbacks.cpp in Sources */ = {isa = PBXBuildFile; fileRef = 22100AA7147EB21200319184 /* b2WorldCallbacks.cpp */; };
		22100B57147EB21200319184 /* b2ChainAndCircleContact.cpp in Sources */ = {isa = PBXBuildFile; fileRef = 22100AAA147EB21200319184 /* b2ChainAndCircleContact.cpp */; };
		22100B58147EB21200319184 /* b2ChainAndPolygonContact.cpp in Sources */ = {isa = PBXBuildFile; fileRef = 22100AAC147EB21200319184 /* b2ChainAndPolygonContact.cpp */; };
		22100B59147EB21200319184 /* b2CircleContact.cpp in Sources */ = {isa = PBXBuildFile; fileRef = 22100AAE147EB21200319184 /* b2CircleContact.cpp */; };
		22100B5A147EB21200319184 /* b2Contact.cpp in Sources */ = {isa = PBXBuildFile; fileRef = 22100AB0147EB21200319184 /* b2Contact.cpp */; };
		22100B5B147EB21200319184 /* b2ContactSolver.cpp in Sources */ = {isa = PBXBuildFile; fileRef = 22100AB2147EB21200319184 /* b2ContactSolver.cpp */; };
		22100B5C147EB21200319184 /* b2EdgeAndCircleContact.cpp in Sources */ = {isa = PBXBuildFile; fileRef = 22100AB4147EB21200319184 /* b2EdgeAndCircleContact.cpp */; };
		22100B5D147EB21200319184 /* b2EdgeAndPolygonContact.cpp in Sources */ = {isa = PBXBuildFile; fileRef = 22100AB6147EB21200319184 /* b2EdgeAndPolygonContact.cpp */; };
		22100B5E147EB21200319184 /* b2PolygonAndCircleContact.cpp in Sources */ = {isa = PBXBuildFile; fileRef = 22100AB8147EB21200319184 /* b2PolygonAndCircleContact.cpp */; };
		22100B5F147EB21200319184 /* b2PolygonContact.cpp in Sources */ = {isa = PBXBuildFile; fileRef = 22100ABA147EB21200319184 /* b2PolygonContact.cpp */; };
		22100B60147EB21200319184 /* b2DistanceJoint.cpp in Sources */ = {isa = PBXBuildFile; fileRef = 22100ABD147EB21200319184 /* b2DistanceJoint.cpp */; };
		22100B61147EB21200319184 /* b2FrictionJoint.cpp in Sources */ = {isa = PBXBuildFile; fileRef = 22100ABF147EB21200319184 /* b2FrictionJoint.cpp */; };
		22100B62147EB21200319184 /* b2GearJoint.cpp in Sources */ = {isa = PBXBuildFile; fileRef = 22100AC1147EB21200319184 /* b2GearJoint.cpp */; };
		22100B63147EB21200319184 /* b2Joint.cpp in Sources */ = {isa = PBXBuildFile; fileRef = 22100AC3147EB21200319184 /* b2Joint.cpp */; };
		22100B64147EB21200319184 /* b2MouseJoint.cpp in Sources */ = {isa = PBXBuildFile; fileRef = 22100AC5147EB21200319184 /* b2MouseJoint.cpp */; };
		22100B65147EB21200319184 /* b2PrismaticJoint.cpp in Sources */ = {isa = PBXBuildFile; fileRef = 22100AC7147EB21200319184 /* b2PrismaticJoint.cpp */; };
		22100B66147EB21200319184 /* b2PulleyJoint.cpp in Sources */ = {isa = PBXBuildFile; fileRef = 22100AC9147EB21200319184 /* b2PulleyJoint.cpp */; };
		22100B67147EB21200319184 /* b2RevoluteJoint.cpp in Sources */ = {isa = PBXBuildFile; fileRef = 22100ACB147EB21200319184 /* b2RevoluteJoint.cpp */; };
		22100B68147EB21200319184 /* b2RopeJoint.cpp in Sources */ = {isa = PBXBuildFile; fileRef = 22100ACD147EB21200319184 /* b2RopeJoint.cpp */; };
		22100B69147EB21200319184 /* b2WeldJoint.cpp in Sources */ = {isa = PBXBuildFile; fileRef = 22100ACF147EB21200319184 /* b2WeldJoint.cpp */; };
		22100B6A147EB21200319184 /* b2WheelJoint.cpp in Sources */ = {isa = PBXBuildFile; fileRef = 22100AD1147EB21200319184 /* b2WheelJoint.cpp */; };
		22100B6B147EB21200319184 /* b2Rope.cpp in Sources */ = {isa = PBXBuildFile; fileRef = 22100AD4147EB21200319184 /* b2Rope.cpp */; };
		22100B8F147EB21200319184 /* del_impl.cpp in Sources */ = {isa = PBXBuildFile; fileRef = 22100B27147EB21200319184 /* del_impl.cpp */; };
		22100B90147EB21200319184 /* ofxBox2d.cpp in Sources */ = {isa = PBXBuildFile; fileRef = 22100B2D147EB21200319184 /* ofxBox2d.cpp */; };
		22100B91147EB21200319184 /* ofxBox2dBaseShape.cpp in Sources */ = {isa = PBXBuildFile; fileRef = 22100B2F147EB21200319184 /* ofxBox2dBaseShape.cpp */; };
		22100B92147EB21200319184 /* ofxBox2dChainShape.cpp in Sources */ = {isa = PBXBuildFile; fileRef = 22100B31147EB21200319184 /* ofxBox2dChainShape.cpp */; };
		22100B93147EB21200319184 /* ofxBox2dCircle.cpp in Sources */ = {isa = PBXBuildFile; fileRef = 22100B33147EB21200319184 /* ofxBox2dCircle.cpp */; };
		22100B94147EB21200319184 /* ofxBox2dJoint.cpp in Sources */ = {isa = PBXBuildFile; fileRef = 22100B36147EB21200319184 /* ofxBox2dJoint.cpp */; };
		22100B95147EB21200319184 /* ofxBox2dPolygon.cpp in Sources */ = {isa = PBXBuildFile; fileRef = 22100B38147EB21200319184 /* ofxBox2dPolygon.cpp */; };
		22100B96147EB21200319184 /* ofxBox2dRect.cpp in Sources */ = {isa = PBXBuildFile; fileRef = 22100B3B147EB21200319184 /* ofxBox2dRect.cpp */; };
		BBAB23CB13894F3D00AA2426 /* GLUT.framework in CopyFiles */ = {isa = PBXBuildFile; fileRef = BBAB23BE13894E4700AA2426 /* GLUT.framework */; };
		E4328149138ABC9F0047C5CB /* openFrameworksDebug.a in Frameworks */ = {isa = PBXBuildFile; fileRef = E4328148138ABC890047C5CB /* openFrameworksDebug.a */; };
		E45BE97B0E8CC7DD009D7055 /* AGL.framework in Frameworks */ = {isa = PBXBuildFile; fileRef = E45BE9710E8CC7DD009D7055 /* AGL.framework */; };
		E45BE97C0E8CC7DD009D7055 /* ApplicationServices.framework in Frameworks */ = {isa = PBXBuildFile; fileRef = E45BE9720E8CC7DD009D7055 /* ApplicationServices.framework */; };
		E45BE97D0E8CC7DD009D7055 /* AudioToolbox.framework in Frameworks */ = {isa = PBXBuildFile; fileRef = E45BE9730E8CC7DD009D7055 /* AudioToolbox.framework */; };
		E45BE97E0E8CC7DD009D7055 /* Carbon.framework in Frameworks */ = {isa = PBXBuildFile; fileRef = E45BE9740E8CC7DD009D7055 /* Carbon.framework */; };
		E45BE97F0E8CC7DD009D7055 /* CoreAudio.framework in Frameworks */ = {isa = PBXBuildFile; fileRef = E45BE9750E8CC7DD009D7055 /* CoreAudio.framework */; };
		E45BE9800E8CC7DD009D7055 /* CoreFoundation.framework in Frameworks */ = {isa = PBXBuildFile; fileRef = E45BE9760E8CC7DD009D7055 /* CoreFoundation.framework */; };
		E45BE9810E8CC7DD009D7055 /* CoreServices.framework in Frameworks */ = {isa = PBXBuildFile; fileRef = E45BE9770E8CC7DD009D7055 /* CoreServices.framework */; };
		E45BE9830E8CC7DD009D7055 /* OpenGL.framework in Frameworks */ = {isa = PBXBuildFile; fileRef = E45BE9790E8CC7DD009D7055 /* OpenGL.framework */; };
		E45BE9840E8CC7DD009D7055 /* QuickTime.framework in Frameworks */ = {isa = PBXBuildFile; fileRef = E45BE97A0E8CC7DD009D7055 /* QuickTime.framework */; };
		E4B69E200A3A1BDC003C02F2 /* main.cpp in Sources */ = {isa = PBXBuildFile; fileRef = E4B69E1D0A3A1BDC003C02F2 /* main.cpp */; };
		E4B69E210A3A1BDC003C02F2 /* testApp.cpp in Sources */ = {isa = PBXBuildFile; fileRef = E4B69E1E0A3A1BDC003C02F2 /* testApp.cpp */; };
		E4C2424710CC5A17004149E2 /* AppKit.framework in Frameworks */ = {isa = PBXBuildFile; fileRef = E4C2424410CC5A17004149E2 /* AppKit.framework */; };
		E4C2424810CC5A17004149E2 /* Cocoa.framework in Frameworks */ = {isa = PBXBuildFile; fileRef = E4C2424510CC5A17004149E2 /* Cocoa.framework */; };
		E4C2424910CC5A17004149E2 /* IOKit.framework in Frameworks */ = {isa = PBXBuildFile; fileRef = E4C2424610CC5A17004149E2 /* IOKit.framework */; };
		E4EB6799138ADC1D00A09F29 /* GLUT.framework in Frameworks */ = {isa = PBXBuildFile; fileRef = BBAB23BE13894E4700AA2426 /* GLUT.framework */; };
/* End PBXBuildFile section */

/* Begin PBXContainerItemProxy section */
		E4328147138ABC890047C5CB /* PBXContainerItemProxy */ = {
			isa = PBXContainerItemProxy;
			containerPortal = E4328143138ABC890047C5CB /* openFrameworksLib.xcodeproj */;
			proxyType = 2;
			remoteGlobalIDString = E4B27C1510CBEB8E00536013;
			remoteInfo = openFrameworks;
		};
		E4EEB9AB138B136A00A80321 /* PBXContainerItemProxy */ = {
			isa = PBXContainerItemProxy;
			containerPortal = E4328143138ABC890047C5CB /* openFrameworksLib.xcodeproj */;
			proxyType = 1;
			remoteGlobalIDString = E4B27C1410CBEB8E00536013;
			remoteInfo = openFrameworks;
		};
/* End PBXContainerItemProxy section */

/* Begin PBXCopyFilesBuildPhase section */
		E4C2427710CC5ABF004149E2 /* CopyFiles */ = {
			isa = PBXCopyFilesBuildPhase;
			buildActionMask = 2147483647;
			dstPath = "";
			dstSubfolderSpec = 10;
			files = (
				BBAB23CB13894F3D00AA2426 /* GLUT.framework in CopyFiles */,
			);
			runOnlyForDeploymentPostprocessing = 0;
		};
/* End PBXCopyFilesBuildPhase section */

/* Begin PBXFileReference section */
		22100A72147EB21200319184 /* Box2D.h */ = {isa = PBXFileReference; fileEncoding = 4; lastKnownFileType = sourcecode.c.h; path = Box2D.h; sourceTree = "<group>"; };
		22100A76147EB21200319184 /* b2BroadPhase.cpp */ = {isa = PBXFileReference; fileEncoding = 4; lastKnownFileType = sourcecode.cpp.cpp; path = b2BroadPhase.cpp; sourceTree = "<group>"; };
		22100A77147EB21200319184 /* b2BroadPhase.h */ = {isa = PBXFileReference; fileEncoding = 4; lastKnownFileType = sourcecode.c.h; path = b2BroadPhase.h; sourceTree = "<group>"; };
		22100A78147EB21200319184 /* b2CollideCircle.cpp */ = {isa = PBXFileReference; fileEncoding = 4; lastKnownFileType = sourcecode.cpp.cpp; path = b2CollideCircle.cpp; sourceTree = "<group>"; };
		22100A79147EB21200319184 /* b2CollideEdge.cpp */ = {isa = PBXFileReference; fileEncoding = 4; lastKnownFileType = sourcecode.cpp.cpp; path = b2CollideEdge.cpp; sourceTree = "<group>"; };
		22100A7A147EB21200319184 /* b2CollidePolygon.cpp */ = {isa = PBXFileReference; fileEncoding = 4; lastKnownFileType = sourcecode.cpp.cpp; path = b2CollidePolygon.cpp; sourceTree = "<group>"; };
		22100A7B147EB21200319184 /* b2Collision.cpp */ = {isa = PBXFileReference; fileEncoding = 4; lastKnownFileType = sourcecode.cpp.cpp; path = b2Collision.cpp; sourceTree = "<group>"; };
		22100A7C147EB21200319184 /* b2Collision.h */ = {isa = PBXFileReference; fileEncoding = 4; lastKnownFileType = sourcecode.c.h; path = b2Collision.h; sourceTree = "<group>"; };
		22100A7D147EB21200319184 /* b2Distance.cpp */ = {isa = PBXFileReference; fileEncoding = 4; lastKnownFileType = sourcecode.cpp.cpp; path = b2Distance.cpp; sourceTree = "<group>"; };
		22100A7E147EB21200319184 /* b2Distance.h */ = {isa = PBXFileReference; fileEncoding = 4; lastKnownFileType = sourcecode.c.h; path = b2Distance.h; sourceTree = "<group>"; };
		22100A7F147EB21200319184 /* b2DynamicTree.cpp */ = {isa = PBXFileReference; fileEncoding = 4; lastKnownFileType = sourcecode.cpp.cpp; path = b2DynamicTree.cpp; sourceTree = "<group>"; };
		22100A80147EB21200319184 /* b2DynamicTree.h */ = {isa = PBXFileReference; fileEncoding = 4; lastKnownFileType = sourcecode.c.h; path = b2DynamicTree.h; sourceTree = "<group>"; };
		22100A81147EB21200319184 /* b2TimeOfImpact.cpp */ = {isa = PBXFileReference; fileEncoding = 4; lastKnownFileType = sourcecode.cpp.cpp; path = b2TimeOfImpact.cpp; sourceTree = "<group>"; };
		22100A82147EB21200319184 /* b2TimeOfImpact.h */ = {isa = PBXFileReference; fileEncoding = 4; lastKnownFileType = sourcecode.c.h; path = b2TimeOfImpact.h; sourceTree = "<group>"; };
		22100A84147EB21200319184 /* b2ChainShape.cpp */ = {isa = PBXFileReference; fileEncoding = 4; lastKnownFileType = sourcecode.cpp.cpp; path = b2ChainShape.cpp; sourceTree = "<group>"; };
		22100A85147EB21200319184 /* b2ChainShape.h */ = {isa = PBXFileReference; fileEncoding = 4; lastKnownFileType = sourcecode.c.h; path = b2ChainShape.h; sourceTree = "<group>"; };
		22100A86147EB21200319184 /* b2CircleShape.cpp */ = {isa = PBXFileReference; fileEncoding = 4; lastKnownFileType = sourcecode.cpp.cpp; path = b2CircleShape.cpp; sourceTree = "<group>"; };
		22100A87147EB21200319184 /* b2CircleShape.h */ = {isa = PBXFileReference; fileEncoding = 4; lastKnownFileType = sourcecode.c.h; path = b2CircleShape.h; sourceTree = "<group>"; };
		22100A88147EB21200319184 /* b2EdgeShape.cpp */ = {isa = PBXFileReference; fileEncoding = 4; lastKnownFileType = sourcecode.cpp.cpp; path = b2EdgeShape.cpp; sourceTree = "<group>"; };
		22100A89147EB21200319184 /* b2EdgeShape.h */ = {isa = PBXFileReference; fileEncoding = 4; lastKnownFileType = sourcecode.c.h; path = b2EdgeShape.h; sourceTree = "<group>"; };
		22100A8A147EB21200319184 /* b2PolygonShape.cpp */ = {isa = PBXFileReference; fileEncoding = 4; lastKnownFileType = sourcecode.cpp.cpp; path = b2PolygonShape.cpp; sourceTree = "<group>"; };
		22100A8B147EB21200319184 /* b2PolygonShape.h */ = {isa = PBXFileReference; fileEncoding = 4; lastKnownFileType = sourcecode.c.h; path = b2PolygonShape.h; sourceTree = "<group>"; };
		22100A8C147EB21200319184 /* b2Shape.h */ = {isa = PBXFileReference; fileEncoding = 4; lastKnownFileType = sourcecode.c.h; path = b2Shape.h; sourceTree = "<group>"; };
		22100A8E147EB21200319184 /* b2BlockAllocator.cpp */ = {isa = PBXFileReference; fileEncoding = 4; lastKnownFileType = sourcecode.cpp.cpp; path = b2BlockAllocator.cpp; sourceTree = "<group>"; };
		22100A8F147EB21200319184 /* b2BlockAllocator.h */ = {isa = PBXFileReference; fileEncoding = 4; lastKnownFileType = sourcecode.c.h; path = b2BlockAllocator.h; sourceTree = "<group>"; };
		22100A90147EB21200319184 /* b2Draw.cpp */ = {isa = PBXFileReference; fileEncoding = 4; lastKnownFileType = sourcecode.cpp.cpp; path = b2Draw.cpp; sourceTree = "<group>"; };
		22100A91147EB21200319184 /* b2Draw.h */ = {isa = PBXFileReference; fileEncoding = 4; lastKnownFileType = sourcecode.c.h; path = b2Draw.h; sourceTree = "<group>"; };
		22100A92147EB21200319184 /* b2GrowableStack.h */ = {isa = PBXFileReference; fileEncoding = 4; lastKnownFileType = sourcecode.c.h; path = b2GrowableStack.h; sourceTree = "<group>"; };
		22100A93147EB21200319184 /* b2Math.cpp */ = {isa = PBXFileReference; fileEncoding = 4; lastKnownFileType = sourcecode.cpp.cpp; path = b2Math.cpp; sourceTree = "<group>"; };
		22100A94147EB21200319184 /* b2Math.h */ = {isa = PBXFileReference; fileEncoding = 4; lastKnownFileType = sourcecode.c.h; path = b2Math.h; sourceTree = "<group>"; };
		22100A95147EB21200319184 /* b2Settings.cpp */ = {isa = PBXFileReference; fileEncoding = 4; lastKnownFileType = sourcecode.cpp.cpp; path = b2Settings.cpp; sourceTree = "<group>"; };
		22100A96147EB21200319184 /* b2Settings.h */ = {isa = PBXFileReference; fileEncoding = 4; lastKnownFileType = sourcecode.c.h; path = b2Settings.h; sourceTree = "<group>"; };
		22100A97147EB21200319184 /* b2StackAllocator.cpp */ = {isa = PBXFileReference; fileEncoding = 4; lastKnownFileType = sourcecode.cpp.cpp; path = b2StackAllocator.cpp; sourceTree = "<group>"; };
		22100A98147EB21200319184 /* b2StackAllocator.h */ = {isa = PBXFileReference; fileEncoding = 4; lastKnownFileType = sourcecode.c.h; path = b2StackAllocator.h; sourceTree = "<group>"; };
		22100A99147EB21200319184 /* b2Timer.cpp */ = {isa = PBXFileReference; fileEncoding = 4; lastKnownFileType = sourcecode.cpp.cpp; path = b2Timer.cpp; sourceTree = "<group>"; };
		22100A9A147EB21200319184 /* b2Timer.h */ = {isa = PBXFileReference; fileEncoding = 4; lastKnownFileType = sourcecode.c.h; path = b2Timer.h; sourceTree = "<group>"; };
		22100A9C147EB21200319184 /* b2Body.cpp */ = {isa = PBXFileReference; fileEncoding = 4; lastKnownFileType = sourcecode.cpp.cpp; path = b2Body.cpp; sourceTree = "<group>"; };
		22100A9D147EB21200319184 /* b2Body.h */ = {isa = PBXFileReference; fileEncoding = 4; lastKnownFileType = sourcecode.c.h; path = b2Body.h; sourceTree = "<group>"; };
		22100A9E147EB21200319184 /* b2ContactManager.cpp */ = {isa = PBXFileReference; fileEncoding = 4; lastKnownFileType = sourcecode.cpp.cpp; path = b2ContactManager.cpp; sourceTree = "<group>"; };
		22100A9F147EB21200319184 /* b2ContactManager.h */ = {isa = PBXFileReference; fileEncoding = 4; lastKnownFileType = sourcecode.c.h; path = b2ContactManager.h; sourceTree = "<group>"; };
		22100AA0147EB21200319184 /* b2Fixture.cpp */ = {isa = PBXFileReference; fileEncoding = 4; lastKnownFileType = sourcecode.cpp.cpp; path = b2Fixture.cpp; sourceTree = "<group>"; };
		22100AA1147EB21200319184 /* b2Fixture.h */ = {isa = PBXFileReference; fileEncoding = 4; lastKnownFileType = sourcecode.c.h; path = b2Fixture.h; sourceTree = "<group>"; };
		22100AA2147EB21200319184 /* b2Island.cpp */ = {isa = PBXFileReference; fileEncoding = 4; lastKnownFileType = sourcecode.cpp.cpp; path = b2Island.cpp; sourceTree = "<group>"; };
		22100AA3147EB21200319184 /* b2Island.h */ = {isa = PBXFileReference; fileEncoding = 4; lastKnownFileType = sourcecode.c.h; path = b2Island.h; sourceTree = "<group>"; };
		22100AA4147EB21200319184 /* b2TimeStep.h */ = {isa = PBXFileReference; fileEncoding = 4; lastKnownFileType = sourcecode.c.h; path = b2TimeStep.h; sourceTree = "<group>"; };
		22100AA5147EB21200319184 /* b2World.cpp */ = {isa = PBXFileReference; fileEncoding = 4; lastKnownFileType = sourcecode.cpp.cpp; path = b2World.cpp; sourceTree = "<group>"; };
		22100AA6147EB21200319184 /* b2World.h */ = {isa = PBXFileReference; fileEncoding = 4; lastKnownFileType = sourcecode.c.h; path = b2World.h; sourceTree = "<group>"; };
		22100AA7147EB21200319184 /* b2WorldCallbacks.cpp */ = {isa = PBXFileReference; fileEncoding = 4; lastKnownFileType = sourcecode.cpp.cpp; path = b2WorldCallbacks.cpp; sourceTree = "<group>"; };
		22100AA8147EB21200319184 /* b2WorldCallbacks.h */ = {isa = PBXFileReference; fileEncoding = 4; lastKnownFileType = sourcecode.c.h; path = b2WorldCallbacks.h; sourceTree = "<group>"; };
		22100AAA147EB21200319184 /* b2ChainAndCircleContact.cpp */ = {isa = PBXFileReference; fileEncoding = 4; lastKnownFileType = sourcecode.cpp.cpp; path = b2ChainAndCircleContact.cpp; sourceTree = "<group>"; };
		22100AAB147EB21200319184 /* b2ChainAndCircleContact.h */ = {isa = PBXFileReference; fileEncoding = 4; lastKnownFileType = sourcecode.c.h; path = b2ChainAndCircleContact.h; sourceTree = "<group>"; };
		22100AAC147EB21200319184 /* b2ChainAndPolygonContact.cpp */ = {isa = PBXFileReference; fileEncoding = 4; lastKnownFileType = sourcecode.cpp.cpp; path = b2ChainAndPolygonContact.cpp; sourceTree = "<group>"; };
		22100AAD147EB21200319184 /* b2ChainAndPolygonContact.h */ = {isa = PBXFileReference; fileEncoding = 4; lastKnownFileType = sourcecode.c.h; path = b2ChainAndPolygonContact.h; sourceTree = "<group>"; };
		22100AAE147EB21200319184 /* b2CircleContact.cpp */ = {isa = PBXFileReference; fileEncoding = 4; lastKnownFileType = sourcecode.cpp.cpp; path = b2CircleContact.cpp; sourceTree = "<group>"; };
		22100AAF147EB21200319184 /* b2CircleContact.h */ = {isa = PBXFileReference; fileEncoding = 4; lastKnownFileType = sourcecode.c.h; path = b2CircleContact.h; sourceTree = "<group>"; };
		22100AB0147EB21200319184 /* b2Contact.cpp */ = {isa = PBXFileReference; fileEncoding = 4; lastKnownFileType = sourcecode.cpp.cpp; path = b2Contact.cpp; sourceTree = "<group>"; };
		22100AB1147EB21200319184 /* b2Contact.h */ = {isa = PBXFileReference; fileEncoding = 4; lastKnownFileType = sourcecode.c.h; path = b2Contact.h; sourceTree = "<group>"; };
		22100AB2147EB21200319184 /* b2ContactSolver.cpp */ = {isa = PBXFileReference; fileEncoding = 4; lastKnownFileType = sourcecode.cpp.cpp; path = b2ContactSolver.cpp; sourceTree = "<group>"; };
		22100AB3147EB21200319184 /* b2ContactSolver.h */ = {isa = PBXFileReference; fileEncoding = 4; lastKnownFileType = sourcecode.c.h; path = b2ContactSolver.h; sourceTree = "<group>"; };
		22100AB4147EB21200319184 /* b2EdgeAndCircleContact.cpp */ = {isa = PBXFileReference; fileEncoding = 4; lastKnownFileType = sourcecode.cpp.cpp; path = b2EdgeAndCircleContact.cpp; sourceTree = "<group>"; };
		22100AB5147EB21200319184 /* b2EdgeAndCircleContact.h */ = {isa = PBXFileReference; fileEncoding = 4; lastKnownFileType = sourcecode.c.h; path = b2EdgeAndCircleContact.h; sourceTree = "<group>"; };
		22100AB6147EB21200319184 /* b2EdgeAndPolygonContact.cpp */ = {isa = PBXFileReference; fileEncoding = 4; lastKnownFileType = sourcecode.cpp.cpp; path = b2EdgeAndPolygonContact.cpp; sourceTree = "<group>"; };
		22100AB7147EB21200319184 /* b2EdgeAndPolygonContact.h */ = {isa = PBXFileReference; fileEncoding = 4; lastKnownFileType = sourcecode.c.h; path = b2EdgeAndPolygonContact.h; sourceTree = "<group>"; };
		22100AB8147EB21200319184 /* b2PolygonAndCircleContact.cpp */ = {isa = PBXFileReference; fileEncoding = 4; lastKnownFileType = sourcecode.cpp.cpp; path = b2PolygonAndCircleContact.cpp; sourceTree = "<group>"; };
		22100AB9147EB21200319184 /* b2PolygonAndCircleContact.h */ = {isa = PBXFileReference; fileEncoding = 4; lastKnownFileType = sourcecode.c.h; path = b2PolygonAndCircleContact.h; sourceTree = "<group>"; };
		22100ABA147EB21200319184 /* b2PolygonContact.cpp */ = {isa = PBXFileReference; fileEncoding = 4; lastKnownFileType = sourcecode.cpp.cpp; path = b2PolygonContact.cpp; sourceTree = "<group>"; };
		22100ABB147EB21200319184 /* b2PolygonContact.h */ = {isa = PBXFileReference; fileEncoding = 4; lastKnownFileType = sourcecode.c.h; path = b2PolygonContact.h; sourceTree = "<group>"; };
		22100ABD147EB21200319184 /* b2DistanceJoint.cpp */ = {isa = PBXFileReference; fileEncoding = 4; lastKnownFileType = sourcecode.cpp.cpp; path = b2DistanceJoint.cpp; sourceTree = "<group>"; };
		22100ABE147EB21200319184 /* b2DistanceJoint.h */ = {isa = PBXFileReference; fileEncoding = 4; lastKnownFileType = sourcecode.c.h; path = b2DistanceJoint.h; sourceTree = "<group>"; };
		22100ABF147EB21200319184 /* b2FrictionJoint.cpp */ = {isa = PBXFileReference; fileEncoding = 4; lastKnownFileType = sourcecode.cpp.cpp; path = b2FrictionJoint.cpp; sourceTree = "<group>"; };
		22100AC0147EB21200319184 /* b2FrictionJoint.h */ = {isa = PBXFileReference; fileEncoding = 4; lastKnownFileType = sourcecode.c.h; path = b2FrictionJoint.h; sourceTree = "<group>"; };
		22100AC1147EB21200319184 /* b2GearJoint.cpp */ = {isa = PBXFileReference; fileEncoding = 4; lastKnownFileType = sourcecode.cpp.cpp; path = b2GearJoint.cpp; sourceTree = "<group>"; };
		22100AC2147EB21200319184 /* b2GearJoint.h */ = {isa = PBXFileReference; fileEncoding = 4; lastKnownFileType = sourcecode.c.h; path = b2GearJoint.h; sourceTree = "<group>"; };
		22100AC3147EB21200319184 /* b2Joint.cpp */ = {isa = PBXFileReference; fileEncoding = 4; lastKnownFileType = sourcecode.cpp.cpp; path = b2Joint.cpp; sourceTree = "<group>"; };
		22100AC4147EB21200319184 /* b2Joint.h */ = {isa = PBXFileReference; fileEncoding = 4; lastKnownFileType = sourcecode.c.h; path = b2Joint.h; sourceTree = "<group>"; };
		22100AC5147EB21200319184 /* b2MouseJoint.cpp */ = {isa = PBXFileReference; fileEncoding = 4; lastKnownFileType = sourcecode.cpp.cpp; path = b2MouseJoint.cpp; sourceTree = "<group>"; };
		22100AC6147EB21200319184 /* b2MouseJoint.h */ = {isa = PBXFileReference; fileEncoding = 4; lastKnownFileType = sourcecode.c.h; path = b2MouseJoint.h; sourceTree = "<group>"; };
		22100AC7147EB21200319184 /* b2PrismaticJoint.cpp */ = {isa = PBXFileReference; fileEncoding = 4; lastKnownFileType = sourcecode.cpp.cpp; path = b2PrismaticJoint.cpp; sourceTree = "<group>"; };
		22100AC8147EB21200319184 /* b2PrismaticJoint.h */ = {isa = PBXFileReference; fileEncoding = 4; lastKnownFileType = sourcecode.c.h; path = b2PrismaticJoint.h; sourceTree = "<group>"; };
		22100AC9147EB21200319184 /* b2PulleyJoint.cpp */ = {isa = PBXFileReference; fileEncoding = 4; lastKnownFileType = sourcecode.cpp.cpp; path = b2PulleyJoint.cpp; sourceTree = "<group>"; };
		22100ACA147EB21200319184 /* b2PulleyJoint.h */ = {isa = PBXFileReference; fileEncoding = 4; lastKnownFileType = sourcecode.c.h; path = b2PulleyJoint.h; sourceTree = "<group>"; };
		22100ACB147EB21200319184 /* b2RevoluteJoint.cpp */ = {isa = PBXFileReference; fileEncoding = 4; lastKnownFileType = sourcecode.cpp.cpp; path = b2RevoluteJoint.cpp; sourceTree = "<group>"; };
		22100ACC147EB21200319184 /* b2RevoluteJoint.h */ = {isa = PBXFileReference; fileEncoding = 4; lastKnownFileType = sourcecode.c.h; path = b2RevoluteJoint.h; sourceTree = "<group>"; };
		22100ACD147EB21200319184 /* b2RopeJoint.cpp */ = {isa = PBXFileReference; fileEncoding = 4; lastKnownFileType = sourcecode.cpp.cpp; path = b2RopeJoint.cpp; sourceTree = "<group>"; };
		22100ACE147EB21200319184 /* b2RopeJoint.h */ = {isa = PBXFileReference; fileEncoding = 4; lastKnownFileType = sourcecode.c.h; path = b2RopeJoint.h; sourceTree = "<group>"; };
		22100ACF147EB21200319184 /* b2WeldJoint.cpp */ = {isa = PBXFileReference; fileEncoding = 4; lastKnownFileType = sourcecode.cpp.cpp; path = b2WeldJoint.cpp; sourceTree = "<group>"; };
		22100AD0147EB21200319184 /* b2WeldJoint.h */ = {isa = PBXFileReference; fileEncoding = 4; lastKnownFileType = sourcecode.c.h; path = b2WeldJoint.h; sourceTree = "<group>"; };
		22100AD1147EB21200319184 /* b2WheelJoint.cpp */ = {isa = PBXFileReference; fileEncoding = 4; lastKnownFileType = sourcecode.cpp.cpp; path = b2WheelJoint.cpp; sourceTree = "<group>"; };
		22100AD2147EB21200319184 /* b2WheelJoint.h */ = {isa = PBXFileReference; fileEncoding = 4; lastKnownFileType = sourcecode.c.h; path = b2WheelJoint.h; sourceTree = "<group>"; };
		22100AD4147EB21200319184 /* b2Rope.cpp */ = {isa = PBXFileReference; fileEncoding = 4; lastKnownFileType = sourcecode.cpp.cpp; path = b2Rope.cpp; sourceTree = "<group>"; };
		22100AD5147EB21200319184 /* b2Rope.h */ = {isa = PBXFileReference; fileEncoding = 4; lastKnownFileType = sourcecode.c.h; path = b2Rope.h; sourceTree = "<group>"; };
		22100B26147EB21200319184 /* assert.hpp */ = {isa = PBXFileReference; fileEncoding = 4; lastKnownFileType = sourcecode.cpp.h; path = assert.hpp; sourceTree = "<group>"; };
		22100B27147EB21200319184 /* del_impl.cpp */ = {isa = PBXFileReference; fileEncoding = 4; lastKnownFileType = sourcecode.cpp.cpp; path = del_impl.cpp; sourceTree = "<group>"; };
		22100B28147EB21200319184 /* del_interface.hpp */ = {isa = PBXFileReference; fileEncoding = 4; lastKnownFileType = sourcecode.cpp.h; path = del_interface.hpp; sourceTree = "<group>"; };
		22100B29147EB21200319184 /* dpoint.hpp */ = {isa = PBXFileReference; fileEncoding = 4; lastKnownFileType = sourcecode.cpp.h; path = dpoint.hpp; sourceTree = "<group>"; };
		22100B2A147EB21200319184 /* triangle.h */ = {isa = PBXFileReference; fileEncoding = 4; lastKnownFileType = sourcecode.c.h; path = triangle.h; sourceTree = "<group>"; };
		22100B2B147EB21200319184 /* triangle_impl.hpp */ = {isa = PBXFileReference; fileEncoding = 4; lastKnownFileType = sourcecode.cpp.h; path = triangle_impl.hpp; sourceTree = "<group>"; };
		22100B2D147EB21200319184 /* ofxBox2d.cpp */ = {isa = PBXFileReference; fileEncoding = 4; lastKnownFileType = sourcecode.cpp.cpp; path = ofxBox2d.cpp; sourceTree = "<group>"; };
		22100B2E147EB21200319184 /* ofxBox2d.h */ = {isa = PBXFileReference; fileEncoding = 4; lastKnownFileType = sourcecode.c.h; path = ofxBox2d.h; sourceTree = "<group>"; };
		22100B2F147EB21200319184 /* ofxBox2dBaseShape.cpp */ = {isa = PBXFileReference; fileEncoding = 4; lastKnownFileType = sourcecode.cpp.cpp; path = ofxBox2dBaseShape.cpp; sourceTree = "<group>"; };
		22100B30147EB21200319184 /* ofxBox2dBaseShape.h */ = {isa = PBXFileReference; fileEncoding = 4; lastKnownFileType = sourcecode.c.h; path = ofxBox2dBaseShape.h; sourceTree = "<group>"; };
		22100B31147EB21200319184 /* ofxBox2dChainShape.cpp */ = {isa = PBXFileReference; fileEncoding = 4; lastKnownFileType = sourcecode.cpp.cpp; path = ofxBox2dChainShape.cpp; sourceTree = "<group>"; };
		22100B32147EB21200319184 /* ofxBox2dChainShape.h */ = {isa = PBXFileReference; fileEncoding = 4; lastKnownFileType = sourcecode.c.h; path = ofxBox2dChainShape.h; sourceTree = "<group>"; };
		22100B33147EB21200319184 /* ofxBox2dCircle.cpp */ = {isa = PBXFileReference; fileEncoding = 4; lastKnownFileType = sourcecode.cpp.cpp; path = ofxBox2dCircle.cpp; sourceTree = "<group>"; };
		22100B34147EB21200319184 /* ofxBox2dCircle.h */ = {isa = PBXFileReference; fileEncoding = 4; lastKnownFileType = sourcecode.c.h; path = ofxBox2dCircle.h; sourceTree = "<group>"; };
		22100B35147EB21200319184 /* ofxBox2dContactListener.h */ = {isa = PBXFileReference; fileEncoding = 4; lastKnownFileType = sourcecode.c.h; path = ofxBox2dContactListener.h; sourceTree = "<group>"; };
		22100B36147EB21200319184 /* ofxBox2dJoint.cpp */ = {isa = PBXFileReference; fileEncoding = 4; lastKnownFileType = sourcecode.cpp.cpp; path = ofxBox2dJoint.cpp; sourceTree = "<group>"; };
		22100B37147EB21200319184 /* ofxBox2dJoint.h */ = {isa = PBXFileReference; fileEncoding = 4; lastKnownFileType = sourcecode.c.h; path = ofxBox2dJoint.h; sourceTree = "<group>"; };
		22100B38147EB21200319184 /* ofxBox2dPolygon.cpp */ = {isa = PBXFileReference; fileEncoding = 4; lastKnownFileType = sourcecode.cpp.cpp; path = ofxBox2dPolygon.cpp; sourceTree = "<group>"; };
		22100B39147EB21200319184 /* ofxBox2dPolygon.h */ = {isa = PBXFileReference; fileEncoding = 4; lastKnownFileType = sourcecode.c.h; path = ofxBox2dPolygon.h; sourceTree = "<group>"; };
		22100B3A147EB21200319184 /* ofxBox2dPolygonUtils.h */ = {isa = PBXFileReference; fileEncoding = 4; lastKnownFileType = sourcecode.c.h; path = ofxBox2dPolygonUtils.h; sourceTree = "<group>"; };
		22100B3B147EB21200319184 /* ofxBox2dRect.cpp */ = {isa = PBXFileReference; fileEncoding = 4; lastKnownFileType = sourcecode.cpp.cpp; path = ofxBox2dRect.cpp; sourceTree = "<group>"; };
		22100B3C147EB21200319184 /* ofxBox2dRect.h */ = {isa = PBXFileReference; fileEncoding = 4; lastKnownFileType = sourcecode.c.h; path = ofxBox2dRect.h; sourceTree = "<group>"; };
		22100B3D147EB21200319184 /* ofxBox2dRender.h */ = {isa = PBXFileReference; fileEncoding = 4; lastKnownFileType = sourcecode.c.h; path = ofxBox2dRender.h; sourceTree = "<group>"; };
		22100B3E147EB21200319184 /* ofxBox2dUtils.h */ = {isa = PBXFileReference; fileEncoding = 4; lastKnownFileType = sourcecode.c.h; path = ofxBox2dUtils.h; sourceTree = "<group>"; };
		BBAB23BE13894E4700AA2426 /* GLUT.framework */ = {isa = PBXFileReference; lastKnownFileType = wrapper.framework; name = GLUT.framework; path = ../../../libs/glut/lib/osx/GLUT.framework; sourceTree = "<group>"; };
		E4328143138ABC890047C5CB /* openFrameworksLib.xcodeproj */ = {isa = PBXFileReference; lastKnownFileType = "wrapper.pb-project"; name = openFrameworksLib.xcodeproj; path = ../../../libs/openFrameworksCompiled/project/osx/openFrameworksLib.xcodeproj; sourceTree = SOURCE_ROOT; };
		E45BE9710E8CC7DD009D7055 /* AGL.framework */ = {isa = PBXFileReference; lastKnownFileType = wrapper.framework; name = AGL.framework; path = /System/Library/Frameworks/AGL.framework; sourceTree = "<absolute>"; };
		E45BE9720E8CC7DD009D7055 /* ApplicationServices.framework */ = {isa = PBXFileReference; lastKnownFileType = wrapper.framework; name = ApplicationServices.framework; path = /System/Library/Frameworks/ApplicationServices.framework; sourceTree = "<absolute>"; };
		E45BE9730E8CC7DD009D7055 /* AudioToolbox.framework */ = {isa = PBXFileReference; lastKnownFileType = wrapper.framework; name = AudioToolbox.framework; path = /System/Library/Frameworks/AudioToolbox.framework; sourceTree = "<absolute>"; };
		E45BE9740E8CC7DD009D7055 /* Carbon.framework */ = {isa = PBXFileReference; lastKnownFileType = wrapper.framework; name = Carbon.framework; path = /System/Library/Frameworks/Carbon.framework; sourceTree = "<absolute>"; };
		E45BE9750E8CC7DD009D7055 /* CoreAudio.framework */ = {isa = PBXFileReference; lastKnownFileType = wrapper.framework; name = CoreAudio.framework; path = /System/Library/Frameworks/CoreAudio.framework; sourceTree = "<absolute>"; };
		E45BE9760E8CC7DD009D7055 /* CoreFoundation.framework */ = {isa = PBXFileReference; lastKnownFileType = wrapper.framework; name = CoreFoundation.framework; path = /System/Library/Frameworks/CoreFoundation.framework; sourceTree = "<absolute>"; };
		E45BE9770E8CC7DD009D7055 /* CoreServices.framework */ = {isa = PBXFileReference; lastKnownFileType = wrapper.framework; name = CoreServices.framework; path = /System/Library/Frameworks/CoreServices.framework; sourceTree = "<absolute>"; };
		E45BE9790E8CC7DD009D7055 /* OpenGL.framework */ = {isa = PBXFileReference; lastKnownFileType = wrapper.framework; name = OpenGL.framework; path = /System/Library/Frameworks/OpenGL.framework; sourceTree = "<absolute>"; };
		E45BE97A0E8CC7DD009D7055 /* QuickTime.framework */ = {isa = PBXFileReference; lastKnownFileType = wrapper.framework; name = QuickTime.framework; path = /System/Library/Frameworks/QuickTime.framework; sourceTree = "<absolute>"; };
		E4B69B5B0A3A1756003C02F2 /* Joint ExampleDebug.app */ = {isa = PBXFileReference; explicitFileType = wrapper.application; includeInIndex = 0; path = "Joint ExampleDebug.app"; sourceTree = BUILT_PRODUCTS_DIR; };
		E4B69E1D0A3A1BDC003C02F2 /* main.cpp */ = {isa = PBXFileReference; fileEncoding = 30; lastKnownFileType = sourcecode.cpp.cpp; name = main.cpp; path = src/main.cpp; sourceTree = SOURCE_ROOT; };
		E4B69E1E0A3A1BDC003C02F2 /* testApp.cpp */ = {isa = PBXFileReference; explicitFileType = sourcecode.cpp.cpp; fileEncoding = 30; name = testApp.cpp; path = src/testApp.cpp; sourceTree = SOURCE_ROOT; };
		E4B69E1F0A3A1BDC003C02F2 /* testApp.h */ = {isa = PBXFileReference; fileEncoding = 30; lastKnownFileType = sourcecode.c.h; name = testApp.h; path = src/testApp.h; sourceTree = SOURCE_ROOT; };
		E4B6FCAD0C3E899E008CF71C /* openFrameworks-Info.plist */ = {isa = PBXFileReference; fileEncoding = 30; lastKnownFileType = text.plist.xml; path = "openFrameworks-Info.plist"; sourceTree = "<group>"; };
		E4C2424410CC5A17004149E2 /* AppKit.framework */ = {isa = PBXFileReference; lastKnownFileType = wrapper.framework; name = AppKit.framework; path = /System/Library/Frameworks/AppKit.framework; sourceTree = "<absolute>"; };
		E4C2424510CC5A17004149E2 /* Cocoa.framework */ = {isa = PBXFileReference; lastKnownFileType = wrapper.framework; name = Cocoa.framework; path = /System/Library/Frameworks/Cocoa.framework; sourceTree = "<absolute>"; };
		E4C2424610CC5A17004149E2 /* IOKit.framework */ = {isa = PBXFileReference; lastKnownFileType = wrapper.framework; name = IOKit.framework; path = /System/Library/Frameworks/IOKit.framework; sourceTree = "<absolute>"; };
		E4EB691F138AFCF100A09F29 /* CoreOF.xcconfig */ = {isa = PBXFileReference; fileEncoding = 4; lastKnownFileType = text.xcconfig; name = CoreOF.xcconfig; path = ../../../libs/openFrameworksCompiled/project/osx/CoreOF.xcconfig; sourceTree = SOURCE_ROOT; };
		E4EB6923138AFD0F00A09F29 /* Project.xcconfig */ = {isa = PBXFileReference; fileEncoding = 4; lastKnownFileType = text.xcconfig; path = Project.xcconfig; sourceTree = "<group>"; };
/* End PBXFileReference section */

/* Begin PBXFrameworksBuildPhase section */
		E4B69B590A3A1756003C02F2 /* Frameworks */ = {
			isa = PBXFrameworksBuildPhase;
			buildActionMask = 2147483647;
			files = (
				E4EB6799138ADC1D00A09F29 /* GLUT.framework in Frameworks */,
				E4328149138ABC9F0047C5CB /* openFrameworksDebug.a in Frameworks */,
				E45BE97B0E8CC7DD009D7055 /* AGL.framework in Frameworks */,
				E45BE97C0E8CC7DD009D7055 /* ApplicationServices.framework in Frameworks */,
				E45BE97D0E8CC7DD009D7055 /* AudioToolbox.framework in Frameworks */,
				E45BE97E0E8CC7DD009D7055 /* Carbon.framework in Frameworks */,
				E45BE97F0E8CC7DD009D7055 /* CoreAudio.framework in Frameworks */,
				E45BE9800E8CC7DD009D7055 /* CoreFoundation.framework in Frameworks */,
				E45BE9810E8CC7DD009D7055 /* CoreServices.framework in Frameworks */,
				E45BE9830E8CC7DD009D7055 /* OpenGL.framework in Frameworks */,
				E45BE9840E8CC7DD009D7055 /* QuickTime.framework in Frameworks */,
				E4C2424710CC5A17004149E2 /* AppKit.framework in Frameworks */,
				E4C2424810CC5A17004149E2 /* Cocoa.framework in Frameworks */,
				E4C2424910CC5A17004149E2 /* IOKit.framework in Frameworks */,
			);
			runOnlyForDeploymentPostprocessing = 0;
		};
/* End PBXFrameworksBuildPhase section */

/* Begin PBXGroup section */
		22100A6E147EB21200319184 /* ofxBox2d */ = {
			isa = PBXGroup;
			children = (
				22100A70147EB21200319184 /* libs */,
				22100B2C147EB21200319184 /* src */,
			);
			name = ofxBox2d;
			path = dev/of_oo7_stable/addons/ofxBox2d;
			sourceTree = SYSTEM_DEVELOPER_DIR;
		};
		22100A70147EB21200319184 /* libs */ = {
			isa = PBXGroup;
			children = (
				22100A71147EB21200319184 /* Box2D */,
				22100B25147EB21200319184 /* triangle */,
			);
			path = libs;
			sourceTree = "<group>";
		};
		22100A71147EB21200319184 /* Box2D */ = {
			isa = PBXGroup;
			children = (
				22100A72147EB21200319184 /* Box2D.h */,
				22100A75147EB21200319184 /* Collision */,
				22100A8D147EB21200319184 /* Common */,
				22100A9B147EB21200319184 /* Dynamics */,
				22100AD3147EB21200319184 /* Rope */,
			);
			path = Box2D;
			sourceTree = "<group>";
		};
		22100A75147EB21200319184 /* Collision */ = {
			isa = PBXGroup;
			children = (
				22100A76147EB21200319184 /* b2BroadPhase.cpp */,
				22100A77147EB21200319184 /* b2BroadPhase.h */,
				22100A78147EB21200319184 /* b2CollideCircle.cpp */,
				22100A79147EB21200319184 /* b2CollideEdge.cpp */,
				22100A7A147EB21200319184 /* b2CollidePolygon.cpp */,
				22100A7B147EB21200319184 /* b2Collision.cpp */,
				22100A7C147EB21200319184 /* b2Collision.h */,
				22100A7D147EB21200319184 /* b2Distance.cpp */,
				22100A7E147EB21200319184 /* b2Distance.h */,
				22100A7F147EB21200319184 /* b2DynamicTree.cpp */,
				22100A80147EB21200319184 /* b2DynamicTree.h */,
				22100A81147EB21200319184 /* b2TimeOfImpact.cpp */,
				22100A82147EB21200319184 /* b2TimeOfImpact.h */,
				22100A83147EB21200319184 /* Shapes */,
			);
			path = Collision;
			sourceTree = "<group>";
		};
		22100A83147EB21200319184 /* Shapes */ = {
			isa = PBXGroup;
			children = (
				22100A84147EB21200319184 /* b2ChainShape.cpp */,
				22100A85147EB21200319184 /* b2ChainShape.h */,
				22100A86147EB21200319184 /* b2CircleShape.cpp */,
				22100A87147EB21200319184 /* b2CircleShape.h */,
				22100A88147EB21200319184 /* b2EdgeShape.cpp */,
				22100A89147EB21200319184 /* b2EdgeShape.h */,
				22100A8A147EB21200319184 /* b2PolygonShape.cpp */,
				22100A8B147EB21200319184 /* b2PolygonShape.h */,
				22100A8C147EB21200319184 /* b2Shape.h */,
			);
			path = Shapes;
			sourceTree = "<group>";
		};
		22100A8D147EB21200319184 /* Common */ = {
			isa = PBXGroup;
			children = (
				22100A8E147EB21200319184 /* b2BlockAllocator.cpp */,
				22100A8F147EB21200319184 /* b2BlockAllocator.h */,
				22100A90147EB21200319184 /* b2Draw.cpp */,
				22100A91147EB21200319184 /* b2Draw.h */,
				22100A92147EB21200319184 /* b2GrowableStack.h */,
				22100A93147EB21200319184 /* b2Math.cpp */,
				22100A94147EB21200319184 /* b2Math.h */,
				22100A95147EB21200319184 /* b2Settings.cpp */,
				22100A96147EB21200319184 /* b2Settings.h */,
				22100A97147EB21200319184 /* b2StackAllocator.cpp */,
				22100A98147EB21200319184 /* b2StackAllocator.h */,
				22100A99147EB21200319184 /* b2Timer.cpp */,
				22100A9A147EB21200319184 /* b2Timer.h */,
			);
			path = Common;
			sourceTree = "<group>";
		};
		22100A9B147EB21200319184 /* Dynamics */ = {
			isa = PBXGroup;
			children = (
				22100A9C147EB21200319184 /* b2Body.cpp */,
				22100A9D147EB21200319184 /* b2Body.h */,
				22100A9E147EB21200319184 /* b2ContactManager.cpp */,
				22100A9F147EB21200319184 /* b2ContactManager.h */,
				22100AA0147EB21200319184 /* b2Fixture.cpp */,
				22100AA1147EB21200319184 /* b2Fixture.h */,
				22100AA2147EB21200319184 /* b2Island.cpp */,
				22100AA3147EB21200319184 /* b2Island.h */,
				22100AA4147EB21200319184 /* b2TimeStep.h */,
				22100AA5147EB21200319184 /* b2World.cpp */,
				22100AA6147EB21200319184 /* b2World.h */,
				22100AA7147EB21200319184 /* b2WorldCallbacks.cpp */,
				22100AA8147EB21200319184 /* b2WorldCallbacks.h */,
				22100AA9147EB21200319184 /* Contacts */,
				22100ABC147EB21200319184 /* Joints */,
			);
			path = Dynamics;
			sourceTree = "<group>";
		};
		22100AA9147EB21200319184 /* Contacts */ = {
			isa = PBXGroup;
			children = (
				22100AAA147EB21200319184 /* b2ChainAndCircleContact.cpp */,
				22100AAB147EB21200319184 /* b2ChainAndCircleContact.h */,
				22100AAC147EB21200319184 /* b2ChainAndPolygonContact.cpp */,
				22100AAD147EB21200319184 /* b2ChainAndPolygonContact.h */,
				22100AAE147EB21200319184 /* b2CircleContact.cpp */,
				22100AAF147EB21200319184 /* b2CircleContact.h */,
				22100AB0147EB21200319184 /* b2Contact.cpp */,
				22100AB1147EB21200319184 /* b2Contact.h */,
				22100AB2147EB21200319184 /* b2ContactSolver.cpp */,
				22100AB3147EB21200319184 /* b2ContactSolver.h */,
				22100AB4147EB21200319184 /* b2EdgeAndCircleContact.cpp */,
				22100AB5147EB21200319184 /* b2EdgeAndCircleContact.h */,
				22100AB6147EB21200319184 /* b2EdgeAndPolygonContact.cpp */,
				22100AB7147EB21200319184 /* b2EdgeAndPolygonContact.h */,
				22100AB8147EB21200319184 /* b2PolygonAndCircleContact.cpp */,
				22100AB9147EB21200319184 /* b2PolygonAndCircleContact.h */,
				22100ABA147EB21200319184 /* b2PolygonContact.cpp */,
				22100ABB147EB21200319184 /* b2PolygonContact.h */,
			);
			path = Contacts;
			sourceTree = "<group>";
		};
		22100ABC147EB21200319184 /* Joints */ = {
			isa = PBXGroup;
			children = (
				22100ABD147EB21200319184 /* b2DistanceJoint.cpp */,
				22100ABE147EB21200319184 /* b2DistanceJoint.h */,
				22100ABF147EB21200319184 /* b2FrictionJoint.cpp */,
				22100AC0147EB21200319184 /* b2FrictionJoint.h */,
				22100AC1147EB21200319184 /* b2GearJoint.cpp */,
				22100AC2147EB21200319184 /* b2GearJoint.h */,
				22100AC3147EB21200319184 /* b2Joint.cpp */,
				22100AC4147EB21200319184 /* b2Joint.h */,
				22100AC5147EB21200319184 /* b2MouseJoint.cpp */,
				22100AC6147EB21200319184 /* b2MouseJoint.h */,
				22100AC7147EB21200319184 /* b2PrismaticJoint.cpp */,
				22100AC8147EB21200319184 /* b2PrismaticJoint.h */,
				22100AC9147EB21200319184 /* b2PulleyJoint.cpp */,
				22100ACA147EB21200319184 /* b2PulleyJoint.h */,
				22100ACB147EB21200319184 /* b2RevoluteJoint.cpp */,
				22100ACC147EB21200319184 /* b2RevoluteJoint.h */,
				22100ACD147EB21200319184 /* b2RopeJoint.cpp */,
				22100ACE147EB21200319184 /* b2RopeJoint.h */,
				22100ACF147EB21200319184 /* b2WeldJoint.cpp */,
				22100AD0147EB21200319184 /* b2WeldJoint.h */,
				22100AD1147EB21200319184 /* b2WheelJoint.cpp */,
				22100AD2147EB21200319184 /* b2WheelJoint.h */,
			);
			path = Joints;
			sourceTree = "<group>";
		};
		22100AD3147EB21200319184 /* Rope */ = {
			isa = PBXGroup;
			children = (
				22100AD4147EB21200319184 /* b2Rope.cpp */,
				22100AD5147EB21200319184 /* b2Rope.h */,
			);
			path = Rope;
			sourceTree = "<group>";
		};
		22100B25147EB21200319184 /* triangle */ = {
			isa = PBXGroup;
			children = (
				22100B26147EB21200319184 /* assert.hpp */,
				22100B27147EB21200319184 /* del_impl.cpp */,
				22100B28147EB21200319184 /* del_interface.hpp */,
				22100B29147EB21200319184 /* dpoint.hpp */,
				22100B2A147EB21200319184 /* triangle.h */,
				22100B2B147EB21200319184 /* triangle_impl.hpp */,
			);
			path = triangle;
			sourceTree = "<group>";
		};
		22100B2C147EB21200319184 /* src */ = {
			isa = PBXGroup;
			children = (
				22100B2D147EB21200319184 /* ofxBox2d.cpp */,
				22100B2E147EB21200319184 /* ofxBox2d.h */,
				22100B2F147EB21200319184 /* ofxBox2dBaseShape.cpp */,
				22100B30147EB21200319184 /* ofxBox2dBaseShape.h */,
				22100B31147EB21200319184 /* ofxBox2dChainShape.cpp */,
				22100B32147EB21200319184 /* ofxBox2dChainShape.h */,
				22100B33147EB21200319184 /* ofxBox2dCircle.cpp */,
				22100B34147EB21200319184 /* ofxBox2dCircle.h */,
				22100B35147EB21200319184 /* ofxBox2dContactListener.h */,
				22100B36147EB21200319184 /* ofxBox2dJoint.cpp */,
				22100B37147EB21200319184 /* ofxBox2dJoint.h */,
				22100B38147EB21200319184 /* ofxBox2dPolygon.cpp */,
				22100B39147EB21200319184 /* ofxBox2dPolygon.h */,
				22100B3A147EB21200319184 /* ofxBox2dPolygonUtils.h */,
				22100B3B147EB21200319184 /* ofxBox2dRect.cpp */,
				22100B3C147EB21200319184 /* ofxBox2dRect.h */,
				22100B3D147EB21200319184 /* ofxBox2dRender.h */,
				22100B3E147EB21200319184 /* ofxBox2dUtils.h */,
			);
			path = src;
			sourceTree = "<group>";
		};
		BB4B014C10F69532006C3DED /* addons */ = {
			isa = PBXGroup;
			children = (
				22100A6E147EB21200319184 /* ofxBox2d */,
			);
			name = addons;
			sourceTree = "<group>";
		};
		BBAB23C913894ECA00AA2426 /* system frameworks */ = {
			isa = PBXGroup;
			children = (
				E4C2424410CC5A17004149E2 /* AppKit.framework */,
				E4C2424510CC5A17004149E2 /* Cocoa.framework */,
				E4C2424610CC5A17004149E2 /* IOKit.framework */,
				E45BE9710E8CC7DD009D7055 /* AGL.framework */,
				E45BE9720E8CC7DD009D7055 /* ApplicationServices.framework */,
				E45BE9730E8CC7DD009D7055 /* AudioToolbox.framework */,
				E45BE9740E8CC7DD009D7055 /* Carbon.framework */,
				E45BE9750E8CC7DD009D7055 /* CoreAudio.framework */,
				E45BE9760E8CC7DD009D7055 /* CoreFoundation.framework */,
				E45BE9770E8CC7DD009D7055 /* CoreServices.framework */,
				E45BE9790E8CC7DD009D7055 /* OpenGL.framework */,
				E45BE97A0E8CC7DD009D7055 /* QuickTime.framework */,
			);
			name = "system frameworks";
			sourceTree = "<group>";
		};
		BBAB23CA13894EDB00AA2426 /* 3rd party frameworks */ = {
			isa = PBXGroup;
			children = (
				BBAB23BE13894E4700AA2426 /* GLUT.framework */,
			);
			name = "3rd party frameworks";
			sourceTree = "<group>";
		};
		E4328144138ABC890047C5CB /* Products */ = {
			isa = PBXGroup;
			children = (
				E4328148138ABC890047C5CB /* openFrameworksDebug.a */,
			);
			name = Products;
			sourceTree = "<group>";
		};
		E45BE5980E8CC70C009D7055 /* frameworks */ = {
			isa = PBXGroup;
			children = (
				BBAB23CA13894EDB00AA2426 /* 3rd party frameworks */,
				BBAB23C913894ECA00AA2426 /* system frameworks */,
			);
			name = frameworks;
			sourceTree = "<group>";
		};
		E4B69B4A0A3A1720003C02F2 = {
			isa = PBXGroup;
			children = (
				E4B69E1C0A3A1BDC003C02F2 /* src */,
				E4EEC9E9138DF44700A80321 /* openFrameworks */,
				BB4B014C10F69532006C3DED /* addons */,
				E45BE5980E8CC70C009D7055 /* frameworks */,
				E4B69B5B0A3A1756003C02F2 /* Joint ExampleDebug.app */,
			);
			sourceTree = "<group>";
		};
		E4B69E1C0A3A1BDC003C02F2 /* src */ = {
			isa = PBXGroup;
			children = (
				E4B69E1D0A3A1BDC003C02F2 /* main.cpp */,
				E4B69E1E0A3A1BDC003C02F2 /* testApp.cpp */,
				E4B69E1F0A3A1BDC003C02F2 /* testApp.h */,
			);
			path = src;
			sourceTree = SOURCE_ROOT;
		};
		E4EEC9E9138DF44700A80321 /* openFrameworks */ = {
			isa = PBXGroup;
			children = (
				E4EB6923138AFD0F00A09F29 /* Project.xcconfig */,
				E4EB691F138AFCF100A09F29 /* CoreOF.xcconfig */,
				E4328143138ABC890047C5CB /* openFrameworksLib.xcodeproj */,
				E4B6FCAD0C3E899E008CF71C /* openFrameworks-Info.plist */,
			);
			name = openFrameworks;
			sourceTree = "<group>";
		};
/* End PBXGroup section */

/* Begin PBXNativeTarget section */
		E4B69B5A0A3A1756003C02F2 /* Joint Example */ = {
			isa = PBXNativeTarget;
			buildConfigurationList = E4B69B5F0A3A1757003C02F2 /* Build configuration list for PBXNativeTarget "Joint Example" */;
			buildPhases = (
				E4B69B580A3A1756003C02F2 /* Sources */,
				E4B69B590A3A1756003C02F2 /* Frameworks */,
				E4B6FFFD0C3F9AB9008CF71C /* ShellScript */,
				E4C2427710CC5ABF004149E2 /* CopyFiles */,
			);
			buildRules = (
			);
			dependencies = (
				E4EEB9AC138B136A00A80321 /* PBXTargetDependency */,
			);
			name = "Joint Example";
			productName = myOFApp;
			productReference = E4B69B5B0A3A1756003C02F2 /* Joint ExampleDebug.app */;
			productType = "com.apple.product-type.application";
		};
/* End PBXNativeTarget section */

/* Begin PBXProject section */
		E4B69B4C0A3A1720003C02F2 /* Project object */ = {
			isa = PBXProject;
			buildConfigurationList = E4B69B4D0A3A1720003C02F2 /* Build configuration list for PBXProject "JointExample" */;
			compatibilityVersion = "Xcode 2.4";
			developmentRegion = English;
			hasScannedForEncodings = 0;
			knownRegions = (
				English,
				Japanese,
				French,
				German,
			);
			mainGroup = E4B69B4A0A3A1720003C02F2;
			productRefGroup = E4B69B4A0A3A1720003C02F2;
			projectDirPath = "";
			projectReferences = (
				{
					ProductGroup = E4328144138ABC890047C5CB /* Products */;
					ProjectRef = E4328143138ABC890047C5CB /* openFrameworksLib.xcodeproj */;
				},
			);
			projectRoot = "";
			targets = (
				E4B69B5A0A3A1756003C02F2 /* Joint Example */,
			);
		};
/* End PBXProject section */

/* Begin PBXReferenceProxy section */
		E4328148138ABC890047C5CB /* openFrameworksDebug.a */ = {
			isa = PBXReferenceProxy;
			fileType = archive.ar;
			path = openFrameworksDebug.a;
			remoteRef = E4328147138ABC890047C5CB /* PBXContainerItemProxy */;
			sourceTree = BUILT_PRODUCTS_DIR;
		};
/* End PBXReferenceProxy section */

/* Begin PBXShellScriptBuildPhase section */
		E4B6FFFD0C3F9AB9008CF71C /* ShellScript */ = {
			isa = PBXShellScriptBuildPhase;
			buildActionMask = 2147483647;
			files = (
			);
			inputPaths = (
			);
			outputPaths = (
			);
			runOnlyForDeploymentPostprocessing = 0;
			shellPath = /bin/sh;
			shellScript = "cp -f ../../../libs/fmodex/lib/osx/libfmodex.dylib \"$TARGET_BUILD_DIR/$PRODUCT_NAME.app/Contents/MacOS/libfmodex.dylib\"; install_name_tool -change ./libfmodex.dylib @executable_path/libfmodex.dylib \"$TARGET_BUILD_DIR/$PRODUCT_NAME.app/Contents/MacOS/$PRODUCT_NAME\";";
		};
/* End PBXShellScriptBuildPhase section */

/* Begin PBXSourcesBuildPhase section */
		E4B69B580A3A1756003C02F2 /* Sources */ = {
			isa = PBXSourcesBuildPhase;
			buildActionMask = 2147483647;
			files = (
				E4B69E200A3A1BDC003C02F2 /* main.cpp in Sources */,
				E4B69E210A3A1BDC003C02F2 /* testApp.cpp in Sources */,
				22100B3F147EB21200319184 /* b2BroadPhase.cpp in Sources */,
				22100B40147EB21200319184 /* b2CollideCircle.cpp in Sources */,
				22100B41147EB21200319184 /* b2CollideEdge.cpp in Sources */,
				22100B42147EB21200319184 /* b2CollidePolygon.cpp in Sources */,
				22100B43147EB21200319184 /* b2Collision.cpp in Sources */,
				22100B44147EB21200319184 /* b2Distance.cpp in Sources */,
				22100B45147EB21200319184 /* b2DynamicTree.cpp in Sources */,
				22100B46147EB21200319184 /* b2TimeOfImpact.cpp in Sources */,
				22100B47147EB21200319184 /* b2ChainShape.cpp in Sources */,
				22100B48147EB21200319184 /* b2CircleShape.cpp in Sources */,
				22100B49147EB21200319184 /* b2EdgeShape.cpp in Sources */,
				22100B4A147EB21200319184 /* b2PolygonShape.cpp in Sources */,
				22100B4B147EB21200319184 /* b2BlockAllocator.cpp in Sources */,
				22100B4C147EB21200319184 /* b2Draw.cpp in Sources */,
				22100B4D147EB21200319184 /* b2Math.cpp in Sources */,
				22100B4E147EB21200319184 /* b2Settings.cpp in Sources */,
				22100B4F147EB21200319184 /* b2StackAllocator.cpp in Sources */,
				22100B50147EB21200319184 /* b2Timer.cpp in Sources */,
				22100B51147EB21200319184 /* b2Body.cpp in Sources */,
				22100B52147EB21200319184 /* b2ContactManager.cpp in Sources */,
				22100B53147EB21200319184 /* b2Fixture.cpp in Sources */,
				22100B54147EB21200319184 /* b2Island.cpp in Sources */,
				22100B55147EB21200319184 /* b2World.cpp in Sources */,
				22100B56147EB21200319184 /* b2WorldCallbacks.cpp in Sources */,
				22100B57147EB21200319184 /* b2ChainAndCircleContact.cpp in Sources */,
				22100B58147EB21200319184 /* b2ChainAndPolygonContact.cpp in Sources */,
				22100B59147EB21200319184 /* b2CircleContact.cpp in Sources */,
				22100B5A147EB21200319184 /* b2Contact.cpp in Sources */,
				22100B5B147EB21200319184 /* b2ContactSolver.cpp in Sources */,
				22100B5C147EB21200319184 /* b2EdgeAndCircleContact.cpp in Sources */,
				22100B5D147EB21200319184 /* b2EdgeAndPolygonContact.cpp in Sources */,
				22100B5E147EB21200319184 /* b2PolygonAndCircleContact.cpp in Sources */,
				22100B5F147EB21200319184 /* b2PolygonContact.cpp in Sources */,
				22100B60147EB21200319184 /* b2DistanceJoint.cpp in Sources */,
				22100B61147EB21200319184 /* b2FrictionJoint.cpp in Sources */,
				22100B62147EB21200319184 /* b2GearJoint.cpp in Sources */,
				22100B63147EB21200319184 /* b2Joint.cpp in Sources */,
				22100B64147EB21200319184 /* b2MouseJoint.cpp in Sources */,
				22100B65147EB21200319184 /* b2PrismaticJoint.cpp in Sources */,
				22100B66147EB21200319184 /* b2PulleyJoint.cpp in Sources */,
				22100B67147EB21200319184 /* b2RevoluteJoint.cpp in Sources */,
				22100B68147EB21200319184 /* b2RopeJoint.cpp in Sources */,
				22100B69147EB21200319184 /* b2WeldJoint.cpp in Sources */,
				22100B6A147EB21200319184 /* b2WheelJoint.cpp in Sources */,
				22100B6B147EB21200319184 /* b2Rope.cpp in Sources */,
				22100B8F147EB21200319184 /* del_impl.cpp in Sources */,
				22100B90147EB21200319184 /* ofxBox2d.cpp in Sources */,
				22100B91147EB21200319184 /* ofxBox2dBaseShape.cpp in Sources */,
				22100B92147EB21200319184 /* ofxBox2dChainShape.cpp in Sources */,
				22100B93147EB21200319184 /* ofxBox2dCircle.cpp in Sources */,
				22100B94147EB21200319184 /* ofxBox2dJoint.cpp in Sources */,
				22100B95147EB21200319184 /* ofxBox2dPolygon.cpp in Sources */,
				22100B96147EB21200319184 /* ofxBox2dRect.cpp in Sources */,
			);
			runOnlyForDeploymentPostprocessing = 0;
		};
/* End PBXSourcesBuildPhase section */

/* Begin PBXTargetDependency section */
		E4EEB9AC138B136A00A80321 /* PBXTargetDependency */ = {
			isa = PBXTargetDependency;
			name = openFrameworks;
			targetProxy = E4EEB9AB138B136A00A80321 /* PBXContainerItemProxy */;
		};
/* End PBXTargetDependency section */

/* Begin XCBuildConfiguration section */
		E4B69B4E0A3A1720003C02F2 /* Debug */ = {
			isa = XCBuildConfiguration;
			baseConfigurationReference = E4EB6923138AFD0F00A09F29 /* Project.xcconfig */;
			buildSettings = {
				ARCHS = "$(NATIVE_ARCH)";
				CONFIGURATION_BUILD_DIR = "$(SRCROOT)/bin/";
				COPY_PHASE_STRIP = NO;
				DEAD_CODE_STRIPPING = YES;
				GCC_AUTO_VECTORIZATION = YES;
				GCC_ENABLE_SSE3_EXTENSIONS = YES;
				GCC_ENABLE_SUPPLEMENTAL_SSE3_INSTRUCTIONS = YES;
				GCC_INLINES_ARE_PRIVATE_EXTERN = NO;
				GCC_MODEL_TUNING = G5;
				GCC_SYMBOLS_PRIVATE_EXTERN = NO;
				GCC_WARN_ABOUT_DEPRECATED_FUNCTIONS = NO;
				GCC_WARN_ABOUT_INVALID_OFFSETOF_MACRO = NO;
				GCC_WARN_ALLOW_INCOMPLETE_PROTOCOL = NO;
				GCC_WARN_UNINITIALIZED_AUTOS = NO;
				GCC_WARN_UNUSED_VALUE = NO;
				GCC_WARN_UNUSED_VARIABLE = NO;
				HEADER_SEARCH_PATHS = (
					../../../addons/ofxBox2d/libs/,
					"$(OF_CORE_HEADERS)",
				);
				OTHER_CPLUSPLUSFLAGS = (
					"-D__MACOSX_CORE__",
					"-lpthread",
				);
			};
			name = Debug;
		};
		E4B69B4F0A3A1720003C02F2 /* Release */ = {
			isa = XCBuildConfiguration;
			baseConfigurationReference = E4EB6923138AFD0F00A09F29 /* Project.xcconfig */;
			buildSettings = {
				ARCHS = "$(NATIVE_ARCH)";
				CONFIGURATION_BUILD_DIR = "$(SRCROOT)/bin/";
				COPY_PHASE_STRIP = YES;
				DEAD_CODE_STRIPPING = YES;
				GCC_AUTO_VECTORIZATION = YES;
				GCC_ENABLE_SSE3_EXTENSIONS = YES;
				GCC_ENABLE_SUPPLEMENTAL_SSE3_INSTRUCTIONS = YES;
				GCC_INLINES_ARE_PRIVATE_EXTERN = NO;
				GCC_MODEL_TUNING = G5;
				GCC_OPTIMIZATION_LEVEL = 3;
				GCC_SYMBOLS_PRIVATE_EXTERN = NO;
				GCC_UNROLL_LOOPS = YES;
				GCC_WARN_ABOUT_DEPRECATED_FUNCTIONS = NO;
				GCC_WARN_ABOUT_INVALID_OFFSETOF_MACRO = NO;
				GCC_WARN_ALLOW_INCOMPLETE_PROTOCOL = NO;
				GCC_WARN_UNINITIALIZED_AUTOS = NO;
				GCC_WARN_UNUSED_VALUE = NO;
				GCC_WARN_UNUSED_VARIABLE = NO;
				HEADER_SEARCH_PATHS = (
					../../../addons/ofxBox2d/libs/,
					"$(OF_CORE_HEADERS)",
				);
				OTHER_CPLUSPLUSFLAGS = (
					"-D__MACOSX_CORE__",
					"-lpthread",
				);
			};
			name = Release;
		};
		E4B69B600A3A1757003C02F2 /* Debug */ = {
			isa = XCBuildConfiguration;
			buildSettings = {
				COPY_PHASE_STRIP = NO;
				FRAMEWORK_SEARCH_PATHS = (
					"$(inherited)",
					"$(FRAMEWORK_SEARCH_PATHS_QUOTED_FOR_TARGET_1)",
				);
				FRAMEWORK_SEARCH_PATHS_QUOTED_FOR_TARGET_1 = "\"$(SRCROOT)/../../../libs/glut/lib/osx\"";
				GCC_DYNAMIC_NO_PIC = NO;
				GCC_ENABLE_FIX_AND_CONTINUE = YES;
				GCC_GENERATE_DEBUGGING_SYMBOLS = YES;
				GCC_MODEL_TUNING = G4;
				GCC_PRECOMPILE_PREFIX_HEADER = YES;
				GCC_PREFIX_HEADER = "$(SYSTEM_LIBRARY_DIR)/Frameworks/Carbon.framework/Headers/Carbon.h";
				INFOPLIST_FILE = "openFrameworks-Info.plist";
				INSTALL_PATH = "$(HOME)/Applications";
				LIBRARY_SEARCH_PATHS = (
					"$(inherited)",
					"$(LIBRARY_SEARCH_PATHS_QUOTED_FOR_TARGET_1)",
					"$(LIBRARY_SEARCH_PATHS_QUOTED_FOR_TARGET_2)",
					"$(LIBRARY_SEARCH_PATHS_QUOTED_FOR_TARGET_3)",
					"$(LIBRARY_SEARCH_PATHS_QUOTED_FOR_TARGET_4)",
					"$(LIBRARY_SEARCH_PATHS_QUOTED_FOR_TARGET_5)",
					"$(LIBRARY_SEARCH_PATHS_QUOTED_FOR_TARGET_6)",
					"$(LIBRARY_SEARCH_PATHS_QUOTED_FOR_TARGET_7)",
					"$(LIBRARY_SEARCH_PATHS_QUOTED_FOR_TARGET_8)",
					"$(LIBRARY_SEARCH_PATHS_QUOTED_FOR_TARGET_9)",
					"$(LIBRARY_SEARCH_PATHS_QUOTED_FOR_TARGET_10)",
					"$(LIBRARY_SEARCH_PATHS_QUOTED_FOR_TARGET_11)",
					"$(LIBRARY_SEARCH_PATHS_QUOTED_FOR_TARGET_12)",
					"$(LIBRARY_SEARCH_PATHS_QUOTED_FOR_TARGET_13)",
					"$(LIBRARY_SEARCH_PATHS_QUOTED_FOR_TARGET_14)",
					"$(LIBRARY_SEARCH_PATHS_QUOTED_FOR_TARGET_15)",
					"$(LIBRARY_SEARCH_PATHS_QUOTED_FOR_TARGET_2)",
					"$(LIBRARY_SEARCH_PATHS_QUOTED_FOR_TARGET_3)",
					"$(LIBRARY_SEARCH_PATHS_QUOTED_FOR_TARGET_7)",
					"$(LIBRARY_SEARCH_PATHS_QUOTED_FOR_TARGET_8)",
					"$(LIBRARY_SEARCH_PATHS_QUOTED_FOR_TARGET_9)",
					"$(LIBRARY_SEARCH_PATHS_QUOTED_FOR_TARGET_10)",
					"$(LIBRARY_SEARCH_PATHS_QUOTED_FOR_TARGET_11)",
					"$(LIBRARY_SEARCH_PATHS_QUOTED_FOR_TARGET_12)",
					"$(LIBRARY_SEARCH_PATHS_QUOTED_FOR_TARGET_13)",
					"$(LIBRARY_SEARCH_PATHS_QUOTED_FOR_TARGET_16)",
					"$(LIBRARY_SEARCH_PATHS_QUOTED_FOR_TARGET_17)",
					"$(LIBRARY_SEARCH_PATHS_QUOTED_FOR_TARGET_18)",
					"$(LIBRARY_SEARCH_PATHS_QUOTED_FOR_TARGET_19)",
					"$(LIBRARY_SEARCH_PATHS_QUOTED_FOR_TARGET_20)",
					"$(LIBRARY_SEARCH_PATHS_QUOTED_FOR_TARGET_21)",
					"$(LIBRARY_SEARCH_PATHS_QUOTED_FOR_TARGET_22)",
					"$(LIBRARY_SEARCH_PATHS_QUOTED_FOR_TARGET_23)",
					"$(LIBRARY_SEARCH_PATHS_QUOTED_FOR_TARGET_24)",
					"$(LIBRARY_SEARCH_PATHS_QUOTED_FOR_TARGET_25)",
					"$(LIBRARY_SEARCH_PATHS_QUOTED_FOR_TARGET_26)",
					"$(LIBRARY_SEARCH_PATHS_QUOTED_FOR_TARGET_27)",
					"$(LIBRARY_SEARCH_PATHS_QUOTED_FOR_TARGET_28)",
					"$(LIBRARY_SEARCH_PATHS_QUOTED_FOR_TARGET_29)",
					"$(LIBRARY_SEARCH_PATHS_QUOTED_FOR_TARGET_30)",
					"$(LIBRARY_SEARCH_PATHS_QUOTED_FOR_TARGET_31)",
					"$(LIBRARY_SEARCH_PATHS_QUOTED_FOR_TARGET_32)",
					"$(LIBRARY_SEARCH_PATHS_QUOTED_FOR_TARGET_33)",
					"$(LIBRARY_SEARCH_PATHS_QUOTED_FOR_TARGET_34)",
					"$(LIBRARY_SEARCH_PATHS_QUOTED_FOR_TARGET_35)",
					"$(LIBRARY_SEARCH_PATHS_QUOTED_FOR_TARGET_36)",
					"$(LIBRARY_SEARCH_PATHS_QUOTED_FOR_TARGET_37)",
					"$(LIBRARY_SEARCH_PATHS_QUOTED_FOR_TARGET_38)",
					"$(LIBRARY_SEARCH_PATHS_QUOTED_FOR_TARGET_39)",
					"$(LIBRARY_SEARCH_PATHS_QUOTED_FOR_TARGET_40)",
					"$(LIBRARY_SEARCH_PATHS_QUOTED_FOR_TARGET_41)",
					"$(LIBRARY_SEARCH_PATHS_QUOTED_FOR_TARGET_42)",
					"$(LIBRARY_SEARCH_PATHS_QUOTED_FOR_TARGET_43)",
					"$(LIBRARY_SEARCH_PATHS_QUOTED_FOR_TARGET_44)",
					"$(LIBRARY_SEARCH_PATHS_QUOTED_FOR_TARGET_45)",
					"$(LIBRARY_SEARCH_PATHS_QUOTED_FOR_TARGET_46)",
					"$(LIBRARY_SEARCH_PATHS_QUOTED_FOR_TARGET_47)",
					"$(LIBRARY_SEARCH_PATHS_QUOTED_FOR_TARGET_48)",
					"$(LIBRARY_SEARCH_PATHS_QUOTED_FOR_TARGET_49)",
					"$(LIBRARY_SEARCH_PATHS_QUOTED_FOR_TARGET_50)",
					"$(LIBRARY_SEARCH_PATHS_QUOTED_FOR_TARGET_51)",
					"$(LIBRARY_SEARCH_PATHS_QUOTED_FOR_TARGET_52)",
					"$(LIBRARY_SEARCH_PATHS_QUOTED_FOR_TARGET_1)",
					"$(LIBRARY_SEARCH_PATHS_QUOTED_FOR_TARGET_2)",
					"$(LIBRARY_SEARCH_PATHS_QUOTED_FOR_TARGET_3)",
					"$(LIBRARY_SEARCH_PATHS_QUOTED_FOR_TARGET_4)",
					"$(LIBRARY_SEARCH_PATHS_QUOTED_FOR_TARGET_5)",
					"$(LIBRARY_SEARCH_PATHS_QUOTED_FOR_TARGET_6)",
					"$(LIBRARY_SEARCH_PATHS_QUOTED_FOR_TARGET_7)",
					"$(LIBRARY_SEARCH_PATHS_QUOTED_FOR_TARGET_8)",
				);
				PREBINDING = NO;
				PRODUCT_NAME = "$(TARGET_NAME)Debug";
				WRAPPER_EXTENSION = app;
			};
			name = Debug;
		};
		E4B69B610A3A1757003C02F2 /* Release */ = {
			isa = XCBuildConfiguration;
			buildSettings = {
				COPY_PHASE_STRIP = YES;
				FRAMEWORK_SEARCH_PATHS = (
					"$(inherited)",
					"$(FRAMEWORK_SEARCH_PATHS_QUOTED_FOR_TARGET_1)",
				);
				FRAMEWORK_SEARCH_PATHS_QUOTED_FOR_TARGET_1 = "\"$(SRCROOT)/../../../libs/glut/lib/osx\"";
				GCC_ENABLE_FIX_AND_CONTINUE = NO;
				GCC_GENERATE_DEBUGGING_SYMBOLS = NO;
				GCC_MODEL_TUNING = G4;
				GCC_PRECOMPILE_PREFIX_HEADER = YES;
				GCC_PREFIX_HEADER = "$(SYSTEM_LIBRARY_DIR)/Frameworks/Carbon.framework/Headers/Carbon.h";
				INFOPLIST_FILE = "openFrameworks-Info.plist";
				INSTALL_PATH = "$(HOME)/Applications";
				LIBRARY_SEARCH_PATHS = (
					"$(inherited)",
					"$(LIBRARY_SEARCH_PATHS_QUOTED_FOR_TARGET_1)",
					"$(LIBRARY_SEARCH_PATHS_QUOTED_FOR_TARGET_2)",
					"$(LIBRARY_SEARCH_PATHS_QUOTED_FOR_TARGET_3)",
					"$(LIBRARY_SEARCH_PATHS_QUOTED_FOR_TARGET_4)",
					"$(LIBRARY_SEARCH_PATHS_QUOTED_FOR_TARGET_5)",
					"$(LIBRARY_SEARCH_PATHS_QUOTED_FOR_TARGET_6)",
					"$(LIBRARY_SEARCH_PATHS_QUOTED_FOR_TARGET_7)",
					"$(LIBRARY_SEARCH_PATHS_QUOTED_FOR_TARGET_8)",
					"$(LIBRARY_SEARCH_PATHS_QUOTED_FOR_TARGET_9)",
					"$(LIBRARY_SEARCH_PATHS_QUOTED_FOR_TARGET_10)",
					"$(LIBRARY_SEARCH_PATHS_QUOTED_FOR_TARGET_11)",
					"$(LIBRARY_SEARCH_PATHS_QUOTED_FOR_TARGET_12)",
					"$(LIBRARY_SEARCH_PATHS_QUOTED_FOR_TARGET_13)",
					"$(LIBRARY_SEARCH_PATHS_QUOTED_FOR_TARGET_14)",
					"$(LIBRARY_SEARCH_PATHS_QUOTED_FOR_TARGET_15)",
					"$(LIBRARY_SEARCH_PATHS_QUOTED_FOR_TARGET_2)",
					"$(LIBRARY_SEARCH_PATHS_QUOTED_1)",
					"$(LIBRARY_SEARCH_PATHS_QUOTED_FOR_TARGET_3)",
					"$(LIBRARY_SEARCH_PATHS_QUOTED_FOR_TARGET_7)",
					"$(LIBRARY_SEARCH_PATHS_QUOTED_FOR_TARGET_8)",
					"$(LIBRARY_SEARCH_PATHS_QUOTED_FOR_TARGET_9)",
					"$(LIBRARY_SEARCH_PATHS_QUOTED_FOR_TARGET_10)",
					"$(LIBRARY_SEARCH_PATHS_QUOTED_FOR_TARGET_11)",
					"$(LIBRARY_SEARCH_PATHS_QUOTED_FOR_TARGET_12)",
					"$(LIBRARY_SEARCH_PATHS_QUOTED_FOR_TARGET_13)",
					"$(LIBRARY_SEARCH_PATHS_QUOTED_FOR_TARGET_16)",
					"$(LIBRARY_SEARCH_PATHS_QUOTED_FOR_TARGET_17)",
					"$(LIBRARY_SEARCH_PATHS_QUOTED_FOR_TARGET_18)",
					"$(LIBRARY_SEARCH_PATHS_QUOTED_FOR_TARGET_19)",
					"$(LIBRARY_SEARCH_PATHS_QUOTED_FOR_TARGET_20)",
					"$(LIBRARY_SEARCH_PATHS_QUOTED_FOR_TARGET_21)",
					"$(LIBRARY_SEARCH_PATHS_QUOTED_FOR_TARGET_22)",
					"$(LIBRARY_SEARCH_PATHS_QUOTED_FOR_TARGET_23)",
					"$(LIBRARY_SEARCH_PATHS_QUOTED_FOR_TARGET_24)",
					"$(LIBRARY_SEARCH_PATHS_QUOTED_FOR_TARGET_25)",
					"$(LIBRARY_SEARCH_PATHS_QUOTED_FOR_TARGET_26)",
					"$(LIBRARY_SEARCH_PATHS_QUOTED_FOR_TARGET_27)",
					"$(LIBRARY_SEARCH_PATHS_QUOTED_FOR_TARGET_28)",
					"$(LIBRARY_SEARCH_PATHS_QUOTED_FOR_TARGET_29)",
					"$(LIBRARY_SEARCH_PATHS_QUOTED_FOR_TARGET_30)",
					"$(LIBRARY_SEARCH_PATHS_QUOTED_FOR_TARGET_31)",
					"$(LIBRARY_SEARCH_PATHS_QUOTED_FOR_TARGET_32)",
					"$(LIBRARY_SEARCH_PATHS_QUOTED_FOR_TARGET_33)",
					"$(LIBRARY_SEARCH_PATHS_QUOTED_FOR_TARGET_34)",
					"$(LIBRARY_SEARCH_PATHS_QUOTED_FOR_TARGET_35)",
					"$(LIBRARY_SEARCH_PATHS_QUOTED_FOR_TARGET_36)",
					"$(LIBRARY_SEARCH_PATHS_QUOTED_FOR_TARGET_37)",
					"$(LIBRARY_SEARCH_PATHS_QUOTED_FOR_TARGET_38)",
					"$(LIBRARY_SEARCH_PATHS_QUOTED_FOR_TARGET_39)",
					"$(LIBRARY_SEARCH_PATHS_QUOTED_FOR_TARGET_40)",
					"$(LIBRARY_SEARCH_PATHS_QUOTED_FOR_TARGET_41)",
					"$(LIBRARY_SEARCH_PATHS_QUOTED_FOR_TARGET_42)",
					"$(LIBRARY_SEARCH_PATHS_QUOTED_FOR_TARGET_43)",
					"$(LIBRARY_SEARCH_PATHS_QUOTED_FOR_TARGET_44)",
					"$(LIBRARY_SEARCH_PATHS_QUOTED_FOR_TARGET_45)",
					"$(LIBRARY_SEARCH_PATHS_QUOTED_FOR_TARGET_46)",
					"$(LIBRARY_SEARCH_PATHS_QUOTED_FOR_TARGET_47)",
					"$(LIBRARY_SEARCH_PATHS_QUOTED_FOR_TARGET_48)",
					"$(LIBRARY_SEARCH_PATHS_QUOTED_FOR_TARGET_49)",
					"$(LIBRARY_SEARCH_PATHS_QUOTED_FOR_TARGET_50)",
					"$(LIBRARY_SEARCH_PATHS_QUOTED_FOR_TARGET_51)",
					"$(LIBRARY_SEARCH_PATHS_QUOTED_FOR_TARGET_1)",
					"$(LIBRARY_SEARCH_PATHS_QUOTED_FOR_TARGET_2)",
					"$(LIBRARY_SEARCH_PATHS_QUOTED_FOR_TARGET_3)",
					"$(LIBRARY_SEARCH_PATHS_QUOTED_FOR_TARGET_4)",
					"$(LIBRARY_SEARCH_PATHS_QUOTED_FOR_TARGET_5)",
					"$(LIBRARY_SEARCH_PATHS_QUOTED_FOR_TARGET_6)",
					"$(LIBRARY_SEARCH_PATHS_QUOTED_FOR_TARGET_7)",
					"$(LIBRARY_SEARCH_PATHS_QUOTED_FOR_TARGET_8)",
				);
				PREBINDING = NO;
				PRODUCT_NAME = "$(TARGET_NAME)";
				WRAPPER_EXTENSION = app;
			};
			name = Release;
		};
/* End XCBuildConfiguration section */

/* Begin XCConfigurationList section */
		E4B69B4D0A3A1720003C02F2 /* Build configuration list for PBXProject "JointExample" */ = {
			isa = XCConfigurationList;
			buildConfigurations = (
				E4B69B4E0A3A1720003C02F2 /* Debug */,
				E4B69B4F0A3A1720003C02F2 /* Release */,
			);
			defaultConfigurationIsVisible = 0;
			defaultConfigurationName = Release;
		};
		E4B69B5F0A3A1757003C02F2 /* Build configuration list for PBXNativeTarget "Joint Example" */ = {
			isa = XCConfigurationList;
			buildConfigurations = (
				E4B69B600A3A1757003C02F2 /* Debug */,
				E4B69B610A3A1757003C02F2 /* Release */,
			);
			defaultConfigurationIsVisible = 0;
			defaultConfigurationName = Release;
		};
/* End XCConfigurationList section */
	};
	rootObject = E4B69B4C0A3A1720003C02F2 /* Project object */;
}
